// !$*UTF8*$!
{
	archiveVersion = 1;
	classes = {
	};
	objectVersion = 50;
	objects = {

/* Begin PBXBuildFile section */
		AA1A401E257CCAA800856D79 /* AppDelegate.m in Sources */ = {isa = PBXBuildFile; fileRef = AA1A401D257CCAA800856D79 /* AppDelegate.m */; };
		AA1A4021257CCAA800856D79 /* SceneDelegate.m in Sources */ = {isa = PBXBuildFile; fileRef = AA1A4020257CCAA800856D79 /* SceneDelegate.m */; };
		AA1A4024257CCAA800856D79 /* ViewController.m in Sources */ = {isa = PBXBuildFile; fileRef = AA1A4023257CCAA800856D79 /* ViewController.m */; };
		AA1A4027257CCAA800856D79 /* Main.storyboard in Resources */ = {isa = PBXBuildFile; fileRef = AA1A4025257CCAA800856D79 /* Main.storyboard */; };
		AA1A4029257CCAAA00856D79 /* Assets.xcassets in Resources */ = {isa = PBXBuildFile; fileRef = AA1A4028257CCAAA00856D79 /* Assets.xcassets */; };
		AA1A402C257CCAAA00856D79 /* LaunchScreen.storyboard in Resources */ = {isa = PBXBuildFile; fileRef = AA1A402A257CCAAA00856D79 /* LaunchScreen.storyboard */; };
		AA1A402F257CCAAA00856D79 /* main.m in Sources */ = {isa = PBXBuildFile; fileRef = AA1A402E257CCAAA00856D79 /* main.m */; };
		AA8B2C1A257CCC32004F3639 /* AppDefaultUtil.m in Sources */ = {isa = PBXBuildFile; fileRef = AA8B2C18257CCC31004F3639 /* AppDefaultUtil.m */; };
/* End PBXBuildFile section */

/* Begin PBXFileReference section */
		AA1A4019257CCAA800856D79 /* ZLKit.app */ = {isa = PBXFileReference; explicitFileType = wrapper.application; includeInIndex = 0; path = ZLKit.app; sourceTree = BUILT_PRODUCTS_DIR; };
		AA1A401C257CCAA800856D79 /* AppDelegate.h */ = {isa = PBXFileReference; lastKnownFileType = sourcecode.c.h; path = AppDelegate.h; sourceTree = "<group>"; };
		AA1A401D257CCAA800856D79 /* AppDelegate.m */ = {isa = PBXFileReference; lastKnownFileType = sourcecode.c.objc; path = AppDelegate.m; sourceTree = "<group>"; };
		AA1A401F257CCAA800856D79 /* SceneDelegate.h */ = {isa = PBXFileReference; lastKnownFileType = sourcecode.c.h; path = SceneDelegate.h; sourceTree = "<group>"; };
		AA1A4020257CCAA800856D79 /* SceneDelegate.m */ = {isa = PBXFileReference; lastKnownFileType = sourcecode.c.objc; path = SceneDelegate.m; sourceTree = "<group>"; };
		AA1A4022257CCAA800856D79 /* ViewController.h */ = {isa = PBXFileReference; lastKnownFileType = sourcecode.c.h; path = ViewController.h; sourceTree = "<group>"; };
		AA1A4023257CCAA800856D79 /* ViewController.m */ = {isa = PBXFileReference; lastKnownFileType = sourcecode.c.objc; path = ViewController.m; sourceTree = "<group>"; };
		AA1A4026257CCAA800856D79 /* Base */ = {isa = PBXFileReference; lastKnownFileType = file.storyboard; name = Base; path = Base.lproj/Main.storyboard; sourceTree = "<group>"; };
		AA1A4028257CCAAA00856D79 /* Assets.xcassets */ = {isa = PBXFileReference; lastKnownFileType = folder.assetcatalog; path = Assets.xcassets; sourceTree = "<group>"; };
		AA1A402B257CCAAA00856D79 /* Base */ = {isa = PBXFileReference; lastKnownFileType = file.storyboard; name = Base; path = Base.lproj/LaunchScreen.storyboard; sourceTree = "<group>"; };
		AA1A402D257CCAAA00856D79 /* Info.plist */ = {isa = PBXFileReference; lastKnownFileType = text.plist.xml; path = Info.plist; sourceTree = "<group>"; };
		AA1A402E257CCAAA00856D79 /* main.m */ = {isa = PBXFileReference; lastKnownFileType = sourcecode.c.objc; path = main.m; sourceTree = "<group>"; };
		AA8B2C18257CCC31004F3639 /* AppDefaultUtil.m */ = {isa = PBXFileReference; fileEncoding = 4; lastKnownFileType = sourcecode.c.objc; path = AppDefaultUtil.m; sourceTree = "<group>"; };
		AA8B2C19257CCC32004F3639 /* AppDefaultUtil.h */ = {isa = PBXFileReference; fileEncoding = 4; lastKnownFileType = sourcecode.c.h; path = AppDefaultUtil.h; sourceTree = "<group>"; };
/* End PBXFileReference section */

/* Begin PBXFrameworksBuildPhase section */
		AA1A4016257CCAA800856D79 /* Frameworks */ = {
			isa = PBXFrameworksBuildPhase;
			buildActionMask = 2147483647;
			files = (
			);
			runOnlyForDeploymentPostprocessing = 0;
		};
/* End PBXFrameworksBuildPhase section */

/* Begin PBXGroup section */
		AA1A4010257CCAA800856D79 = {
			isa = PBXGroup;
			children = (
				AA1A401B257CCAA800856D79 /* ZLKit */,
				AA1A401A257CCAA800856D79 /* Products */,
			);
			sourceTree = "<group>";
		};
		AA1A401A257CCAA800856D79 /* Products */ = {
			isa = PBXGroup;
			children = (
				AA1A4019257CCAA800856D79 /* ZLKit.app */,
			);
			name = Products;
			sourceTree = "<group>";
		};
		AA1A401B257CCAA800856D79 /* ZLKit */ = {
			isa = PBXGroup;
			children = (
				AA8B2C17257CCBA9004F3639 /* BaseTool */,
				AA1A401C257CCAA800856D79 /* AppDelegate.h */,
				AA1A401D257CCAA800856D79 /* AppDelegate.m */,
				AA1A401F257CCAA800856D79 /* SceneDelegate.h */,
				AA1A4020257CCAA800856D79 /* SceneDelegate.m */,
				AA1A4022257CCAA800856D79 /* ViewController.h */,
				AA1A4023257CCAA800856D79 /* ViewController.m */,
				AA1A4025257CCAA800856D79 /* Main.storyboard */,
				AA1A4028257CCAAA00856D79 /* Assets.xcassets */,
				AA1A402A257CCAAA00856D79 /* LaunchScreen.storyboard */,
				AA1A402D257CCAAA00856D79 /* Info.plist */,
				AA1A402E257CCAAA00856D79 /* main.m */,
			);
			path = ZLKit;
			sourceTree = "<group>";
		};
		AA8B2C17257CCBA9004F3639 /* BaseTool */ = {
			isa = PBXGroup;
			children = (
				AA8B2C19257CCC32004F3639 /* AppDefaultUtil.h */,
				AA8B2C18257CCC31004F3639 /* AppDefaultUtil.m */,
			);
			path = BaseTool;
			sourceTree = "<group>";
		};
/* End PBXGroup section */

/* Begin PBXNativeTarget section */
		AA1A4018257CCAA800856D79 /* ZLKit */ = {
			isa = PBXNativeTarget;
			buildConfigurationList = AA1A4032257CCAAA00856D79 /* Build configuration list for PBXNativeTarget "ZLKit" */;
			buildPhases = (
				AA1A4015257CCAA800856D79 /* Sources */,
				AA1A4016257CCAA800856D79 /* Frameworks */,
				AA1A4017257CCAA800856D79 /* Resources */,
			);
			buildRules = (
			);
			dependencies = (
			);
			name = ZLKit;
			productName = ZLKit;
			productReference = AA1A4019257CCAA800856D79 /* ZLKit.app */;
			productType = "com.apple.product-type.application";
		};
/* End PBXNativeTarget section */

/* Begin PBXProject section */
		AA1A4011257CCAA800856D79 /* Project object */ = {
			isa = PBXProject;
			attributes = {
				LastUpgradeCheck = 1170;
				ORGANIZATIONNAME = zhouli;
				TargetAttributes = {
					AA1A4018257CCAA800856D79 = {
						CreatedOnToolsVersion = 11.7;
					};
				};
			};
			buildConfigurationList = AA1A4014257CCAA800856D79 /* Build configuration list for PBXProject "ZLKit" */;
			compatibilityVersion = "Xcode 9.3";
			developmentRegion = en;
			hasScannedForEncodings = 0;
			knownRegions = (
				en,
				Base,
			);
			mainGroup = AA1A4010257CCAA800856D79;
			productRefGroup = AA1A401A257CCAA800856D79 /* Products */;
			projectDirPath = "";
			projectRoot = "";
			targets = (
				AA1A4018257CCAA800856D79 /* ZLKit */,
			);
		};
/* End PBXProject section */

/* Begin PBXResourcesBuildPhase section */
		AA1A4017257CCAA800856D79 /* Resources */ = {
			isa = PBXResourcesBuildPhase;
			buildActionMask = 2147483647;
			files = (
				AA1A402C257CCAAA00856D79 /* LaunchScreen.storyboard in Resources */,
				AA1A4029257CCAAA00856D79 /* Assets.xcassets in Resources */,
				AA1A4027257CCAA800856D79 /* Main.storyboard in Resources */,
			);
			runOnlyForDeploymentPostprocessing = 0;
		};
/* End PBXResourcesBuildPhase section */

/* Begin PBXSourcesBuildPhase section */
		AA1A4015257CCAA800856D79 /* Sources */ = {
			isa = PBXSourcesBuildPhase;
			buildActionMask = 2147483647;
			files = (
				AA1A4024257CCAA800856D79 /* ViewController.m in Sources */,
				AA1A401E257CCAA800856D79 /* AppDelegate.m in Sources */,
				AA1A402F257CCAAA00856D79 /* main.m in Sources */,
				AA8B2C1A257CCC32004F3639 /* AppDefaultUtil.m in Sources */,
				AA1A4021257CCAA800856D79 /* SceneDelegate.m in Sources */,
			);
			runOnlyForDeploymentPostprocessing = 0;
		};
/* End PBXSourcesBuildPhase section */

/* Begin PBXVariantGroup section */
		AA1A4025257CCAA800856D79 /* Main.storyboard */ = {
			isa = PBXVariantGroup;
			children = (
				AA1A4026257CCAA800856D79 /* Base */,
			);
			name = Main.storyboard;
			sourceTree = "<group>";
		};
		AA1A402A257CCAAA00856D79 /* LaunchScreen.storyboard */ = {
			isa = PBXVariantGroup;
			children = (
				AA1A402B257CCAAA00856D79 /* Base */,
			);
			name = LaunchScreen.storyboard;
			sourceTree = "<group>";
		};
/* End PBXVariantGroup section */

/* Begin XCBuildConfiguration section */
		AA1A4030257CCAAA00856D79 /* Debug */ = {
			isa = XCBuildConfiguration;
			buildSettings = {
				ALWAYS_SEARCH_USER_PATHS = NO;
				CLANG_ANALYZER_NONNULL = YES;
				CLANG_ANALYZER_NUMBER_OBJECT_CONVERSION = YES_AGGRESSIVE;
				CLANG_CXX_LANGUAGE_STANDARD = "gnu++14";
				CLANG_CXX_LIBRARY = "libc++";
				CLANG_ENABLE_MODULES = YES;
				CLANG_ENABLE_OBJC_ARC = YES;
				CLANG_ENABLE_OBJC_WEAK = YES;
				CLANG_WARN_BLOCK_CAPTURE_AUTORELEASING = YES;
				CLANG_WARN_BOOL_CONVERSION = YES;
				CLANG_WARN_COMMA = YES;
				CLANG_WARN_CONSTANT_CONVERSION = YES;
				CLANG_WARN_DEPRECATED_OBJC_IMPLEMENTATIONS = YES;
				CLANG_WARN_DIRECT_OBJC_ISA_USAGE = YES_ERROR;
				CLANG_WARN_DOCUMENTATION_COMMENTS = YES;
				CLANG_WARN_EMPTY_BODY = YES;
				CLANG_WARN_ENUM_CONVERSION = YES;
				CLANG_WARN_INFINITE_RECURSION = YES;
				CLANG_WARN_INT_CONVERSION = YES;
				CLANG_WARN_NON_LITERAL_NULL_CONVERSION = YES;
				CLANG_WARN_OBJC_IMPLICIT_RETAIN_SELF = YES;
				CLANG_WARN_OBJC_LITERAL_CONVERSION = YES;
				CLANG_WARN_OBJC_ROOT_CLASS = YES_ERROR;
				CLANG_WARN_RANGE_LOOP_ANALYSIS = YES;
				CLANG_WARN_STRICT_PROTOTYPES = YES;
				CLANG_WARN_SUSPICIOUS_MOVE = YES;
				CLANG_WARN_UNGUARDED_AVAILABILITY = YES_AGGRESSIVE;
				CLANG_WARN_UNREACHABLE_CODE = YES;
				CLANG_WARN__DUPLICATE_METHOD_MATCH = YES;
				COPY_PHASE_STRIP = NO;
				DEBUG_INFORMATION_FORMAT = dwarf;
				ENABLE_STRICT_OBJC_MSGSEND = YES;
				ENABLE_TESTABILITY = YES;
				GCC_C_LANGUAGE_STANDARD = gnu11;
				GCC_DYNAMIC_NO_PIC = NO;
				GCC_NO_COMMON_BLOCKS = YES;
				GCC_OPTIMIZATION_LEVEL = 0;
				GCC_PREPROCESSOR_DEFINITIONS = (
					"DEBUG=1",
					"$(inherited)",
				);
				GCC_WARN_64_TO_32_BIT_CONVERSION = YES;
				GCC_WARN_ABOUT_RETURN_TYPE = YES_ERROR;
				GCC_WARN_UNDECLARED_SELECTOR = YES;
				GCC_WARN_UNINITIALIZED_AUTOS = YES_AGGRESSIVE;
				GCC_WARN_UNUSED_FUNCTION = YES;
				GCC_WARN_UNUSED_VARIABLE = YES;
				IPHONEOS_DEPLOYMENT_TARGET = 13.7;
				MTL_ENABLE_DEBUG_INFO = INCLUDE_SOURCE;
				MTL_FAST_MATH = YES;
				ONLY_ACTIVE_ARCH = YES;
				SDKROOT = iphoneos;
			};
			name = Debug;
		};
		AA1A4031257CCAAA00856D79 /* Release */ = {
			isa = XCBuildConfiguration;
			buildSettings = {
				ALWAYS_SEARCH_USER_PATHS = NO;
				CLANG_ANALYZER_NONNULL = YES;
				CLANG_ANALYZER_NUMBER_OBJECT_CONVERSION = YES_AGGRESSIVE;
				CLANG_CXX_LANGUAGE_STANDARD = "gnu++14";
				CLANG_CXX_LIBRARY = "libc++";
				CLANG_ENABLE_MODULES = YES;
				CLANG_ENABLE_OBJC_ARC = YES;
				CLANG_ENABLE_OBJC_WEAK = YES;
				CLANG_WARN_BLOCK_CAPTURE_AUTORELEASING = YES;
				CLANG_WARN_BOOL_CONVERSION = YES;
				CLANG_WARN_COMMA = YES;
				CLANG_WARN_CONSTANT_CONVERSION = YES;
				CLANG_WARN_DEPRECATED_OBJC_IMPLEMENTATIONS = YES;
				CLANG_WARN_DIRECT_OBJC_ISA_USAGE = YES_ERROR;
				CLANG_WARN_DOCUMENTATION_COMMENTS = YES;
				CLANG_WARN_EMPTY_BODY = YES;
				CLANG_WARN_ENUM_CONVERSION = YES;
				CLANG_WARN_INFINITE_RECURSION = YES;
				CLANG_WARN_INT_CONVERSION = YES;
				CLANG_WARN_NON_LITERAL_NULL_CONVERSION = YES;
				CLANG_WARN_OBJC_IMPLICIT_RETAIN_SELF = YES;
				CLANG_WARN_OBJC_LITERAL_CONVERSION = YES;
				CLANG_WARN_OBJC_ROOT_CLASS = YES_ERROR;
				CLANG_WARN_RANGE_LOOP_ANALYSIS = YES;
				CLANG_WARN_STRICT_PROTOTYPES = YES;
				CLANG_WARN_SUSPICIOUS_MOVE = YES;
				CLANG_WARN_UNGUARDED_AVAILABILITY = YES_AGGRESSIVE;
				CLANG_WARN_UNREACHABLE_CODE = YES;
				CLANG_WARN__DUPLICATE_METHOD_MATCH = YES;
				COPY_PHASE_STRIP = NO;
				DEBUG_INFORMATION_FORMAT = "dwarf-with-dsym";
				ENABLE_NS_ASSERTIONS = NO;
				ENABLE_STRICT_OBJC_MSGSEND = YES;
				GCC_C_LANGUAGE_STANDARD = gnu11;
				GCC_NO_COMMON_BLOCKS = YES;
				GCC_WARN_64_TO_32_BIT_CONVERSION = YES;
				GCC_WARN_ABOUT_RETURN_TYPE = YES_ERROR;
				GCC_WARN_UNDECLARED_SELECTOR = YES;
				GCC_WARN_UNINITIALIZED_AUTOS = YES_AGGRESSIVE;
				GCC_WARN_UNUSED_FUNCTION = YES;
				GCC_WARN_UNUSED_VARIABLE = YES;
				IPHONEOS_DEPLOYMENT_TARGET = 13.7;
				MTL_ENABLE_DEBUG_INFO = NO;
				MTL_FAST_MATH = YES;
				SDKROOT = iphoneos;
				VALIDATE_PRODUCT = YES;
			};
			name = Release;
		};
		AA1A4033257CCAAA00856D79 /* Debug */ = {
			isa = XCBuildConfiguration;
			buildSettings = {
				ASSETCATALOG_COMPILER_APPICON_NAME = AppIcon;
				CODE_SIGN_STYLE = Automatic;
				DEVELOPMENT_TEAM = 24KF8795H6;
				INFOPLIST_FILE = ZLKit/Info.plist;
				LD_RUNPATH_SEARCH_PATHS = (
					"$(inherited)",
					"@executable_path/Frameworks",
				);
				PRODUCT_BUNDLE_IDENTIFIER = com.wjcf.wjzx.ZLKit;
				PRODUCT_NAME = "$(TARGET_NAME)";
				TARGETED_DEVICE_FAMILY = "1,2";
			};
			name = Debug;
		};
		AA1A4034257CCAAA00856D79 /* Release */ = {
			isa = XCBuildConfiguration;
			buildSettings = {
				ASSETCATALOG_COMPILER_APPICON_NAME = AppIcon;
				CODE_SIGN_STYLE = Automatic;
				DEVELOPMENT_TEAM = 24KF8795H6;
				INFOPLIST_FILE = ZLKit/Info.plist;
				LD_RUNPATH_SEARCH_PATHS = (
					"$(inherited)",
					"@executable_path/Frameworks",
				);
				PRODUCT_BUNDLE_IDENTIFIER = com.wjcf.wjzx.ZLKit;
				PRODUCT_NAME = "$(TARGET_NAME)";
				TARGETED_DEVICE_FAMILY = "1,2";
			};
			name = Release;
		};
/* End XCBuildConfiguration section */

/* Begin XCConfigurationList section */
		AA1A4014257CCAA800856D79 /* Build configuration list for PBXProject "ZLKit" */ = {
			isa = XCConfigurationList;
			buildConfigurations = (
				AA1A4030257CCAAA00856D79 /* Debug */,
				AA1A4031257CCAAA00856D79 /* Release */,
			);
			defaultConfigurationIsVisible = 0;
			defaultConfigurationName = Release;
		};
		AA1A4032257CCAAA00856D79 /* Build configuration list for PBXNativeTarget "ZLKit" */ = {
			isa = XCConfigurationList;
			buildConfigurations = (
				AA1A4033257CCAAA00856D79 /* Debug */,
				AA1A4034257CCAAA00856D79 /* Release */,
			);
			defaultConfigurationIsVisible = 0;
			defaultConfigurationName = Release;
		};
/* End XCConfigurationList section */
	};
	rootObject = AA1A4011257CCAA800856D79 /* Project object */;
}
